
Microsoft Visual Studio Solution File, Format Version 12.00
# Visual Studio Version 16
VisualStudioVersion = 16.0.30907.101
MinimumVisualStudioVersion = 10.0.40219.1
Project("{FAE04EC0-301F-11D3-BF4B-00C04F79EFBC}") = "Nexogen", "Nexogen.csproj", "{01BDE2F6-E3C0-43D5-88B8-3927FD90F9DC}"
EndProject
Global
	GlobalSection(SolutionConfigurationPlatforms) = preSolution
		Debug|Any CPU = Debug|Any CPU
		Release|Any CPU = Release|Any CPU
	EndGlobalSection
	GlobalSection(ProjectConfigurationPlatforms) = postSolution
		{01BDE2F6-E3C0-43D5-88B8-3927FD90F9DC}.Debug|Any CPU.ActiveCfg = Debug|Any CPU
		{01BDE2F6-E3C0-43D5-88B8-3927FD90F9DC}.Debug|Any CPU.Build.0 = Debug|Any CPU
		{01BDE2F6-E3C0-43D5-88B8-3927FD90F9DC}.Release|Any CPU.ActiveCfg = Release|Any CPU
		{01BDE2F6-E3C0-43D5-88B8-3927FD90F9DC}.Release|Any CPU.Build.0 = Release|Any CPU
	EndGlobalSection
	GlobalSection(SolutionProperties) = preSolution
		HideSolutionNode = FALSE
	EndGlobalSection
	GlobalSection(ExtensibilityGlobals) = postSolution
		SolutionGuid = {2082D962-1661-464C-A1AA-BF52048F7E5A}
	EndGlobalSection
EndGlobal
